
Microsoft Visual Studio Solution File, Format Version 11.00
# Visual Studio 2010
Project("{FAE04EC0-301F-11D3-BF4B-00C04F79EFBC}") = "LiveBiblePresentation", "BiblePresentation\LiveBiblePresentation.csproj", "{D6160E10-6C56-4169-8358-C89EDFB72721}"
EndProject
Project("{FAE04EC0-301F-11D3-BF4B-00C04F79EFBC}") = "LiveBiblePresentation.Data", "LiveBiblePresentation.Data\LiveBiblePresentation.Data.csproj", "{65CBC057-A2DE-4147-80FA-9A9192A45CBA}"
EndProject
Project("{54435603-DBB4-11D2-8724-00A0C9A8B90C}") = "LivePresentationSetup", "LivePresentationSetup\LivePresentationSetup.vdproj", "{EC6F134F-6E21-4093-B8E7-98F83BE48DFF}"
EndProject
Global
	GlobalSection(SolutionConfigurationPlatforms) = preSolution
		Debug|Any CPU = Debug|Any CPU
		Release|Any CPU = Release|Any CPU
	EndGlobalSection
	GlobalSection(ProjectConfigurationPlatforms) = postSolution
		{D6160E10-6C56-4169-8358-C89EDFB72721}.Debug|Any CPU.ActiveCfg = Debug|Any CPU
		{D6160E10-6C56-4169-8358-C89EDFB72721}.Debug|Any CPU.Build.0 = Debug|Any CPU
		{D6160E10-6C56-4169-8358-C89EDFB72721}.Release|Any CPU.ActiveCfg = Debug|Any CPU
		{D6160E10-6C56-4169-8358-C89EDFB72721}.Release|Any CPU.Build.0 = Debug|Any CPU
		{65CBC057-A2DE-4147-80FA-9A9192A45CBA}.Debug|Any CPU.ActiveCfg = Debug|Any CPU
		{65CBC057-A2DE-4147-80FA-9A9192A45CBA}.Debug|Any CPU.Build.0 = Debug|Any CPU
		{65CBC057-A2DE-4147-80FA-9A9192A45CBA}.Release|Any CPU.ActiveCfg = Release|Any CPU
		{65CBC057-A2DE-4147-80FA-9A9192A45CBA}.Release|Any CPU.Build.0 = Release|Any CPU
		{EC6F134F-6E21-4093-B8E7-98F83BE48DFF}.Debug|Any CPU.ActiveCfg = Debug
		{EC6F134F-6E21-4093-B8E7-98F83BE48DFF}.Release|Any CPU.ActiveCfg = Release
	EndGlobalSection
	GlobalSection(SolutionProperties) = preSolution
		HideSolutionNode = FALSE
	EndGlobalSection
EndGlobal
